// !$*UTF8*$!
{
	archiveVersion = 1;
	classes = {
	};
	objectVersion = 50;
	objects = {

/* Begin PBXBuildFile section */
		643D76EF264CBEF600044E02 /* AppDelegate.swift in Sources */ = {isa = PBXBuildFile; fileRef = 643D76EE264CBEF600044E02 /* AppDelegate.swift */; };
		643D76F1264CBEF600044E02 /* SceneDelegate.swift in Sources */ = {isa = PBXBuildFile; fileRef = 643D76F0264CBEF600044E02 /* SceneDelegate.swift */; };
		643D76F3264CBEF600044E02 /* ViewController.swift in Sources */ = {isa = PBXBuildFile; fileRef = 643D76F2264CBEF600044E02 /* ViewController.swift */; };
		643D76F6264CBEF600044E02 /* Main.storyboard in Resources */ = {isa = PBXBuildFile; fileRef = 643D76F4264CBEF600044E02 /* Main.storyboard */; };
		643D76F8264CBEFE00044E02 /* Assets.xcassets in Resources */ = {isa = PBXBuildFile; fileRef = 643D76F7264CBEFE00044E02 /* Assets.xcassets */; };
		643D76FB264CBEFE00044E02 /* LaunchScreen.storyboard in Resources */ = {isa = PBXBuildFile; fileRef = 643D76F9264CBEFE00044E02 /* LaunchScreen.storyboard */; };
		643D7706264CBEFE00044E02 /* MazeTests.swift in Sources */ = {isa = PBXBuildFile; fileRef = 643D7705264CBEFE00044E02 /* MazeTests.swift */; };
		643D7711264CBEFE00044E02 /* MazeUITests.swift in Sources */ = {isa = PBXBuildFile; fileRef = 643D7710264CBEFE00044E02 /* MazeUITests.swift */; };
/* End PBXBuildFile section */

/* Begin PBXContainerItemProxy section */
		643D7702264CBEFE00044E02 /* PBXContainerItemProxy */ = {
			isa = PBXContainerItemProxy;
			containerPortal = 643D76E3264CBEF600044E02 /* Project object */;
			proxyType = 1;
			remoteGlobalIDString = 643D76EA264CBEF600044E02;
			remoteInfo = Maze;
		};
		643D770D264CBEFE00044E02 /* PBXContainerItemProxy */ = {
			isa = PBXContainerItemProxy;
			containerPortal = 643D76E3264CBEF600044E02 /* Project object */;
			proxyType = 1;
			remoteGlobalIDString = 643D76EA264CBEF600044E02;
			remoteInfo = Maze;
		};
/* End PBXContainerItemProxy section */

/* Begin PBXFileReference section */
		643D76EB264CBEF600044E02 /* Maze.app */ = {isa = PBXFileReference; explicitFileType = wrapper.application; includeInIndex = 0; path = Maze.app; sourceTree = BUILT_PRODUCTS_DIR; };
		643D76EE264CBEF600044E02 /* AppDelegate.swift */ = {isa = PBXFileReference; lastKnownFileType = sourcecode.swift; path = AppDelegate.swift; sourceTree = "<group>"; };
		643D76F0264CBEF600044E02 /* SceneDelegate.swift */ = {isa = PBXFileReference; lastKnownFileType = sourcecode.swift; path = SceneDelegate.swift; sourceTree = "<group>"; };
		643D76F2264CBEF600044E02 /* ViewController.swift */ = {isa = PBXFileReference; lastKnownFileType = sourcecode.swift; path = ViewController.swift; sourceTree = "<group>"; };
		643D76F5264CBEF600044E02 /* Base */ = {isa = PBXFileReference; lastKnownFileType = file.storyboard; name = Base; path = Base.lproj/Main.storyboard; sourceTree = "<group>"; };
		643D76F7264CBEFE00044E02 /* Assets.xcassets */ = {isa = PBXFileReference; lastKnownFileType = folder.assetcatalog; path = Assets.xcassets; sourceTree = "<group>"; };
		643D76FA264CBEFE00044E02 /* Base */ = {isa = PBXFileReference; lastKnownFileType = file.storyboard; name = Base; path = Base.lproj/LaunchScreen.storyboard; sourceTree = "<group>"; };
		643D76FC264CBEFE00044E02 /* Info.plist */ = {isa = PBXFileReference; lastKnownFileType = text.plist.xml; path = Info.plist; sourceTree = "<group>"; };
		643D7701264CBEFE00044E02 /* MazeTests.xctest */ = {isa = PBXFileReference; explicitFileType = wrapper.cfbundle; includeInIndex = 0; path = MazeTests.xctest; sourceTree = BUILT_PRODUCTS_DIR; };
		643D7705264CBEFE00044E02 /* MazeTests.swift */ = {isa = PBXFileReference; lastKnownFileType = sourcecode.swift; path = MazeTests.swift; sourceTree = "<group>"; };
		643D7707264CBEFE00044E02 /* Info.plist */ = {isa = PBXFileReference; lastKnownFileType = text.plist.xml; path = Info.plist; sourceTree = "<group>"; };
		643D770C264CBEFE00044E02 /* MazeUITests.xctest */ = {isa = PBXFileReference; explicitFileType = wrapper.cfbundle; includeInIndex = 0; path = MazeUITests.xctest; sourceTree = BUILT_PRODUCTS_DIR; };
		643D7710264CBEFE00044E02 /* MazeUITests.swift */ = {isa = PBXFileReference; lastKnownFileType = sourcecode.swift; path = MazeUITests.swift; sourceTree = "<group>"; };
		643D7712264CBEFE00044E02 /* Info.plist */ = {isa = PBXFileReference; lastKnownFileType = text.plist.xml; path = Info.plist; sourceTree = "<group>"; };
/* End PBXFileReference section */

/* Begin PBXFrameworksBuildPhase section */
		643D76E8264CBEF600044E02 /* Frameworks */ = {
			isa = PBXFrameworksBuildPhase;
			buildActionMask = 2147483647;
			files = (
			);
			runOnlyForDeploymentPostprocessing = 0;
		};
		643D76FE264CBEFE00044E02 /* Frameworks */ = {
			isa = PBXFrameworksBuildPhase;
			buildActionMask = 2147483647;
			files = (
			);
			runOnlyForDeploymentPostprocessing = 0;
		};
		643D7709264CBEFE00044E02 /* Frameworks */ = {
			isa = PBXFrameworksBuildPhase;
			buildActionMask = 2147483647;
			files = (
			);
			runOnlyForDeploymentPostprocessing = 0;
		};
/* End PBXFrameworksBuildPhase section */

/* Begin PBXGroup section */
		643D76E2264CBEF600044E02 = {
			isa = PBXGroup;
			children = (
				643D76ED264CBEF600044E02 /* Maze */,
				643D7704264CBEFE00044E02 /* MazeTests */,
				643D770F264CBEFE00044E02 /* MazeUITests */,
				643D76EC264CBEF600044E02 /* Products */,
			);
			sourceTree = "<group>";
		};
		643D76EC264CBEF600044E02 /* Products */ = {
			isa = PBXGroup;
			children = (
				643D76EB264CBEF600044E02 /* Maze.app */,
				643D7701264CBEFE00044E02 /* MazeTests.xctest */,
				643D770C264CBEFE00044E02 /* MazeUITests.xctest */,
			);
			name = Products;
			sourceTree = "<group>";
		};
		643D76ED264CBEF600044E02 /* Maze */ = {
			isa = PBXGroup;
			children = (
				643D76EE264CBEF600044E02 /* AppDelegate.swift */,
				643D76F0264CBEF600044E02 /* SceneDelegate.swift */,
				643D76F2264CBEF600044E02 /* ViewController.swift */,
				643D76F4264CBEF600044E02 /* Main.storyboard */,
				643D76F7264CBEFE00044E02 /* Assets.xcassets */,
				643D76F9264CBEFE00044E02 /* LaunchScreen.storyboard */,
				643D76FC264CBEFE00044E02 /* Info.plist */,
			);
			path = Maze;
			sourceTree = "<group>";
		};
		643D7704264CBEFE00044E02 /* MazeTests */ = {
			isa = PBXGroup;
			children = (
				643D7705264CBEFE00044E02 /* MazeTests.swift */,
				643D7707264CBEFE00044E02 /* Info.plist */,
			);
			path = MazeTests;
			sourceTree = "<group>";
		};
		643D770F264CBEFE00044E02 /* MazeUITests */ = {
			isa = PBXGroup;
			children = (
				643D7710264CBEFE00044E02 /* MazeUITests.swift */,
				643D7712264CBEFE00044E02 /* Info.plist */,
			);
			path = MazeUITests;
			sourceTree = "<group>";
		};
/* End PBXGroup section */

/* Begin PBXNativeTarget section */
		643D76EA264CBEF600044E02 /* Maze */ = {
			isa = PBXNativeTarget;
			buildConfigurationList = 643D7715264CBEFE00044E02 /* Build configuration list for PBXNativeTarget "Maze" */;
			buildPhases = (
				643D76E7264CBEF600044E02 /* Sources */,
				643D76E8264CBEF600044E02 /* Frameworks */,
				643D76E9264CBEF600044E02 /* Resources */,
			);
			buildRules = (
			);
			dependencies = (
			);
			name = Maze;
			productName = Maze;
			productReference = 643D76EB264CBEF600044E02 /* Maze.app */;
			productType = "com.apple.product-type.application";
		};
		643D7700264CBEFE00044E02 /* MazeTests */ = {
			isa = PBXNativeTarget;
			buildConfigurationList = 643D7718264CBEFE00044E02 /* Build configuration list for PBXNativeTarget "MazeTests" */;
			buildPhases = (
				643D76FD264CBEFE00044E02 /* Sources */,
				643D76FE264CBEFE00044E02 /* Frameworks */,
				643D76FF264CBEFE00044E02 /* Resources */,
			);
			buildRules = (
			);
			dependencies = (
				643D7703264CBEFE00044E02 /* PBXTargetDependency */,
			);
			name = MazeTests;
			productName = MazeTests;
			productReference = 643D7701264CBEFE00044E02 /* MazeTests.xctest */;
			productType = "com.apple.product-type.bundle.unit-test";
		};
		643D770B264CBEFE00044E02 /* MazeUITests */ = {
			isa = PBXNativeTarget;
			buildConfigurationList = 643D771B264CBEFE00044E02 /* Build configuration list for PBXNativeTarget "MazeUITests" */;
			buildPhases = (
				643D7708264CBEFE00044E02 /* Sources */,
				643D7709264CBEFE00044E02 /* Frameworks */,
				643D770A264CBEFE00044E02 /* Resources */,
			);
			buildRules = (
			);
			dependencies = (
				643D770E264CBEFE00044E02 /* PBXTargetDependency */,
			);
			name = MazeUITests;
			productName = MazeUITests;
			productReference = 643D770C264CBEFE00044E02 /* MazeUITests.xctest */;
			productType = "com.apple.product-type.bundle.ui-testing";
		};
/* End PBXNativeTarget section */

/* Begin PBXProject section */
		643D76E3264CBEF600044E02 /* Project object */ = {
			isa = PBXProject;
			attributes = {
				LastSwiftUpdateCheck = 1250;
				LastUpgradeCheck = 1250;
				TargetAttributes = {
					643D76EA264CBEF600044E02 = {
						CreatedOnToolsVersion = 12.5;
					};
					643D7700264CBEFE00044E02 = {
						CreatedOnToolsVersion = 12.5;
						TestTargetID = 643D76EA264CBEF600044E02;
					};
					643D770B264CBEFE00044E02 = {
						CreatedOnToolsVersion = 12.5;
						TestTargetID = 643D76EA264CBEF600044E02;
					};
				};
			};
			buildConfigurationList = 643D76E6264CBEF600044E02 /* Build configuration list for PBXProject "Maze" */;
			compatibilityVersion = "Xcode 9.3";
			developmentRegion = en;
			hasScannedForEncodings = 0;
			knownRegions = (
				en,
				Base,
			);
			mainGroup = 643D76E2264CBEF600044E02;
			productRefGroup = 643D76EC264CBEF600044E02 /* Products */;
			projectDirPath = "";
			projectRoot = "";
			targets = (
				643D76EA264CBEF600044E02 /* Maze */,
				643D7700264CBEFE00044E02 /* MazeTests */,
				643D770B264CBEFE00044E02 /* MazeUITests */,
			);
		};
/* End PBXProject section */

/* Begin PBXResourcesBuildPhase section */
		643D76E9264CBEF600044E02 /* Resources */ = {
			isa = PBXResourcesBuildPhase;
			buildActionMask = 2147483647;
			files = (
				643D76FB264CBEFE00044E02 /* LaunchScreen.storyboard in Resources */,
				643D76F8264CBEFE00044E02 /* Assets.xcassets in Resources */,
				643D76F6264CBEF600044E02 /* Main.storyboard in Resources */,
			);
			runOnlyForDeploymentPostprocessing = 0;
		};
		643D76FF264CBEFE00044E02 /* Resources */ = {
			isa = PBXResourcesBuildPhase;
			buildActionMask = 2147483647;
			files = (
			);
			runOnlyForDeploymentPostprocessing = 0;
		};
		643D770A264CBEFE00044E02 /* Resources */ = {
			isa = PBXResourcesBuildPhase;
			buildActionMask = 2147483647;
			files = (
			);
			runOnlyForDeploymentPostprocessing = 0;
		};
/* End PBXResourcesBuildPhase section */

/* Begin PBXSourcesBuildPhase section */
		643D76E7264CBEF600044E02 /* Sources */ = {
			isa = PBXSourcesBuildPhase;
			buildActionMask = 2147483647;
			files = (
				643D76F3264CBEF600044E02 /* ViewController.swift in Sources */,
				643D76EF264CBEF600044E02 /* AppDelegate.swift in Sources */,
				643D76F1264CBEF600044E02 /* SceneDelegate.swift in Sources */,
			);
			runOnlyForDeploymentPostprocessing = 0;
		};
		643D76FD264CBEFE00044E02 /* Sources */ = {
			isa = PBXSourcesBuildPhase;
			buildActionMask = 2147483647;
			files = (
				643D7706264CBEFE00044E02 /* MazeTests.swift in Sources */,
			);
			runOnlyForDeploymentPostprocessing = 0;
		};
		643D7708264CBEFE00044E02 /* Sources */ = {
			isa = PBXSourcesBuildPhase;
			buildActionMask = 2147483647;
			files = (
				643D7711264CBEFE00044E02 /* MazeUITests.swift in Sources */,
			);
			runOnlyForDeploymentPostprocessing = 0;
		};
/* End PBXSourcesBuildPhase section */

/* Begin PBXTargetDependency section */
		643D7703264CBEFE00044E02 /* PBXTargetDependency */ = {
			isa = PBXTargetDependency;
			target = 643D76EA264CBEF600044E02 /* Maze */;
			targetProxy = 643D7702264CBEFE00044E02 /* PBXContainerItemProxy */;
		};
		643D770E264CBEFE00044E02 /* PBXTargetDependency */ = {
			isa = PBXTargetDependency;
			target = 643D76EA264CBEF600044E02 /* Maze */;
			targetProxy = 643D770D264CBEFE00044E02 /* PBXContainerItemProxy */;
		};
/* End PBXTargetDependency section */

/* Begin PBXVariantGroup section */
		643D76F4264CBEF600044E02 /* Main.storyboard */ = {
			isa = PBXVariantGroup;
			children = (
				643D76F5264CBEF600044E02 /* Base */,
			);
			name = Main.storyboard;
			sourceTree = "<group>";
		};
		643D76F9264CBEFE00044E02 /* LaunchScreen.storyboard */ = {
			isa = PBXVariantGroup;
			children = (
				643D76FA264CBEFE00044E02 /* Base */,
			);
			name = LaunchScreen.storyboard;
			sourceTree = "<group>";
		};
/* End PBXVariantGroup section */

/* Begin XCBuildConfiguration section */
		643D7713264CBEFE00044E02 /* Debug */ = {
			isa = XCBuildConfiguration;
			buildSettings = {
				ALWAYS_SEARCH_USER_PATHS = NO;
				CLANG_ANALYZER_NONNULL = YES;
				CLANG_ANALYZER_NUMBER_OBJECT_CONVERSION = YES_AGGRESSIVE;
				CLANG_CXX_LANGUAGE_STANDARD = "gnu++14";
				CLANG_CXX_LIBRARY = "libc++";
				CLANG_ENABLE_MODULES = YES;
				CLANG_ENABLE_OBJC_ARC = YES;
				CLANG_ENABLE_OBJC_WEAK = YES;
				CLANG_WARN_BLOCK_CAPTURE_AUTORELEASING = YES;
				CLANG_WARN_BOOL_CONVERSION = YES;
				CLANG_WARN_COMMA = YES;
				CLANG_WARN_CONSTANT_CONVERSION = YES;
				CLANG_WARN_DEPRECATED_OBJC_IMPLEMENTATIONS = YES;
				CLANG_WARN_DIRECT_OBJC_ISA_USAGE = YES_ERROR;
				CLANG_WARN_DOCUMENTATION_COMMENTS = YES;
				CLANG_WARN_EMPTY_BODY = YES;
				CLANG_WARN_ENUM_CONVERSION = YES;
				CLANG_WARN_INFINITE_RECURSION = YES;
				CLANG_WARN_INT_CONVERSION = YES;
				CLANG_WARN_NON_LITERAL_NULL_CONVERSION = YES;
				CLANG_WARN_OBJC_IMPLICIT_RETAIN_SELF = YES;
				CLANG_WARN_OBJC_LITERAL_CONVERSION = YES;
				CLANG_WARN_OBJC_ROOT_CLASS = YES_ERROR;
				CLANG_WARN_QUOTED_INCLUDE_IN_FRAMEWORK_HEADER = YES;
				CLANG_WARN_RANGE_LOOP_ANALYSIS = YES;
				CLANG_WARN_STRICT_PROTOTYPES = YES;
				CLANG_WARN_SUSPICIOUS_MOVE = YES;
				CLANG_WARN_UNGUARDED_AVAILABILITY = YES_AGGRESSIVE;
				CLANG_WARN_UNREACHABLE_CODE = YES;
				CLANG_WARN__DUPLICATE_METHOD_MATCH = YES;
				COPY_PHASE_STRIP = NO;
				DEBUG_INFORMATION_FORMAT = dwarf;
				ENABLE_STRICT_OBJC_MSGSEND = YES;
				ENABLE_TESTABILITY = YES;
				GCC_C_LANGUAGE_STANDARD = gnu11;
				GCC_DYNAMIC_NO_PIC = NO;
				GCC_NO_COMMON_BLOCKS = YES;
				GCC_OPTIMIZATION_LEVEL = 0;
				GCC_PREPROCESSOR_DEFINITIONS = (
					"DEBUG=1",
					"$(inherited)",
				);
				GCC_WARN_64_TO_32_BIT_CONVERSION = YES;
				GCC_WARN_ABOUT_RETURN_TYPE = YES_ERROR;
				GCC_WARN_UNDECLARED_SELECTOR = YES;
				GCC_WARN_UNINITIALIZED_AUTOS = YES_AGGRESSIVE;
				GCC_WARN_UNUSED_FUNCTION = YES;
				GCC_WARN_UNUSED_VARIABLE = YES;
				IPHONEOS_DEPLOYMENT_TARGET = 14.5;
				MTL_ENABLE_DEBUG_INFO = INCLUDE_SOURCE;
				MTL_FAST_MATH = YES;
				ONLY_ACTIVE_ARCH = YES;
				SDKROOT = iphoneos;
				SWIFT_ACTIVE_COMPILATION_CONDITIONS = DEBUG;
				SWIFT_OPTIMIZATION_LEVEL = "-Onone";
			};
			name = Debug;
		};
		643D7714264CBEFE00044E02 /* Release */ = {
			isa = XCBuildConfiguration;
			buildSettings = {
				ALWAYS_SEARCH_USER_PATHS = NO;
				CLANG_ANALYZER_NONNULL = YES;
				CLANG_ANALYZER_NUMBER_OBJECT_CONVERSION = YES_AGGRESSIVE;
				CLANG_CXX_LANGUAGE_STANDARD = "gnu++14";
				CLANG_CXX_LIBRARY = "libc++";
				CLANG_ENABLE_MODULES = YES;
				CLANG_ENABLE_OBJC_ARC = YES;
				CLANG_ENABLE_OBJC_WEAK = YES;
				CLANG_WARN_BLOCK_CAPTURE_AUTORELEASING = YES;
				CLANG_WARN_BOOL_CONVERSION = YES;
				CLANG_WARN_COMMA = YES;
				CLANG_WARN_CONSTANT_CONVERSION = YES;
				CLANG_WARN_DEPRECATED_OBJC_IMPLEMENTATIONS = YES;
				CLANG_WARN_DIRECT_OBJC_ISA_USAGE = YES_ERROR;
				CLANG_WARN_DOCUMENTATION_COMMENTS = YES;
				CLANG_WARN_EMPTY_BODY = YES;
				CLANG_WARN_ENUM_CONVERSION = YES;
				CLANG_WARN_INFINITE_RECURSION = YES;
				CLANG_WARN_INT_CONVERSION = YES;
				CLANG_WARN_NON_LITERAL_NULL_CONVERSION = YES;
				CLANG_WARN_OBJC_IMPLICIT_RETAIN_SELF = YES;
				CLANG_WARN_OBJC_LITERAL_CONVERSION = YES;
				CLANG_WARN_OBJC_ROOT_CLASS = YES_ERROR;
				CLANG_WARN_QUOTED_INCLUDE_IN_FRAMEWORK_HEADER = YES;
				CLANG_WARN_RANGE_LOOP_ANALYSIS = YES;
				CLANG_WARN_STRICT_PROTOTYPES = YES;
				CLANG_WARN_SUSPICIOUS_MOVE = YES;
				CLANG_WARN_UNGUARDED_AVAILABILITY = YES_AGGRESSIVE;
				CLANG_WARN_UNREACHABLE_CODE = YES;
				CLANG_WARN__DUPLICATE_METHOD_MATCH = YES;
				COPY_PHASE_STRIP = NO;
				DEBUG_INFORMATION_FORMAT = "dwarf-with-dsym";
				ENABLE_NS_ASSERTIONS = NO;
				ENABLE_STRICT_OBJC_MSGSEND = YES;
				GCC_C_LANGUAGE_STANDARD = gnu11;
				GCC_NO_COMMON_BLOCKS = YES;
				GCC_WARN_64_TO_32_BIT_CONVERSION = YES;
				GCC_WARN_ABOUT_RETURN_TYPE = YES_ERROR;
				GCC_WARN_UNDECLARED_SELECTOR = YES;
				GCC_WARN_UNINITIALIZED_AUTOS = YES_AGGRESSIVE;
				GCC_WARN_UNUSED_FUNCTION = YES;
				GCC_WARN_UNUSED_VARIABLE = YES;
				IPHONEOS_DEPLOYMENT_TARGET = 14.5;
				MTL_ENABLE_DEBUG_INFO = NO;
				MTL_FAST_MATH = YES;
				SDKROOT = iphoneos;
				SWIFT_COMPILATION_MODE = wholemodule;
				SWIFT_OPTIMIZATION_LEVEL = "-O";
				VALIDATE_PRODUCT = YES;
			};
			name = Release;
		};
		643D7716264CBEFE00044E02 /* Debug */ = {
			isa = XCBuildConfiguration;
			buildSettings = {
				ASSETCATALOG_COMPILER_APPICON_NAME = AppIcon;
				ASSETCATALOG_COMPILER_GLOBAL_ACCENT_COLOR_NAME = AccentColor;
				CODE_SIGN_STYLE = Automatic;
				DEVELOPMENT_TEAM = 48F293G8D4;
				INFOPLIST_FILE = Maze/Info.plist;
				LD_RUNPATH_SEARCH_PATHS = (
					"$(inherited)",
					"@executable_path/Frameworks",
				);
				PRODUCT_BUNDLE_IDENTIFIER = app.marui.khaki.PhotoMaster;
				PRODUCT_NAME = "$(TARGET_NAME)";
				SWIFT_VERSION = 5.0;
				TARGETED_DEVICE_FAMILY = "1,2";
			};
			name = Debug;
		};
		643D7717264CBEFE00044E02 /* Release */ = {
			isa = XCBuildConfiguration;
			buildSettings = {
				ASSETCATALOG_COMPILER_APPICON_NAME = AppIcon;
				ASSETCATALOG_COMPILER_GLOBAL_ACCENT_COLOR_NAME = AccentColor;
				CODE_SIGN_STYLE = Automatic;
				DEVELOPMENT_TEAM = 48F293G8D4;
				INFOPLIST_FILE = Maze/Info.plist;
				LD_RUNPATH_SEARCH_PATHS = (
					"$(inherited)",
					"@executable_path/Frameworks",
				);
				PRODUCT_BUNDLE_IDENTIFIER = app.marui.khaki.PhotoMaster;
				PRODUCT_NAME = "$(TARGET_NAME)";
				SWIFT_VERSION = 5.0;
				TARGETED_DEVICE_FAMILY = "1,2";
			};
			name = Release;
		};
		643D7719264CBEFE00044E02 /* Debug */ = {
			isa = XCBuildConfiguration;
			buildSettings = {
				ALWAYS_EMBED_SWIFT_STANDARD_LIBRARIES = YES;
				BUNDLE_LOADER = "$(TEST_HOST)";
				CODE_SIGN_STYLE = Automatic;
				DEVELOPMENT_TEAM = 48F293G8D4;
				INFOPLIST_FILE = MazeTests/Info.plist;
				IPHONEOS_DEPLOYMENT_TARGET = 14.5;
				LD_RUNPATH_SEARCH_PATHS = (
					"$(inherited)",
					"@executable_path/Frameworks",
					"@loader_path/Frameworks",
				);
				PRODUCT_BUNDLE_IDENTIFIER = app.marui.khaki.MazeTests;
				PRODUCT_NAME = "$(TARGET_NAME)";
				SWIFT_VERSION = 5.0;
				TARGETED_DEVICE_FAMILY = "1,2";
				TEST_HOST = "$(BUILT_PRODUCTS_DIR)/Maze.app/Maze";
			};
			name = Debug;
		};
		643D771A264CBEFE00044E02 /* Release */ = {
			isa = XCBuildConfiguration;
			buildSettings = {
				ALWAYS_EMBED_SWIFT_STANDARD_LIBRARIES = YES;
				BUNDLE_LOADER = "$(TEST_HOST)";
				CODE_SIGN_STYLE = Automatic;
				DEVELOPMENT_TEAM = 48F293G8D4;
				INFOPLIST_FILE = MazeTests/Info.plist;
				IPHONEOS_DEPLOYMENT_TARGET = 14.5;
				LD_RUNPATH_SEARCH_PATHS = (
					"$(inherited)",
					"@executable_path/Frameworks",
					"@loader_path/Frameworks",
				);
				PRODUCT_BUNDLE_IDENTIFIER = app.marui.khaki.MazeTests;
				PRODUCT_NAME = "$(TARGET_NAME)";
				SWIFT_VERSION = 5.0;
				TARGETED_DEVICE_FAMILY = "1,2";
				TEST_HOST = "$(BUILT_PRODUCTS_DIR)/Maze.app/Maze";
			};
			name = Release;
		};
		643D771C264CBEFE00044E02 /* Debug */ = {
			isa = XCBuildConfiguration;
			buildSettings = {
				ALWAYS_EMBED_SWIFT_STANDARD_LIBRARIES = YES;
				CODE_SIGN_STYLE = Automatic;
				DEVELOPMENT_TEAM = 48F293G8D4;
				INFOPLIST_FILE = MazeUITests/Info.plist;
				LD_RUNPATH_SEARCH_PATHS = (
					"$(inherited)",
					"@executable_path/Frameworks",
					"@loader_path/Frameworks",
				);
				PRODUCT_BUNDLE_IDENTIFIER = app.marui.khaki.MazeUITests;
				PRODUCT_NAME = "$(TARGET_NAME)";
				SWIFT_VERSION = 5.0;
				TARGETED_DEVICE_FAMILY = "1,2";
				TEST_TARGET_NAME = Maze;
			};
			name = Debug;
		};
		643D771D264CBEFE00044E02 /* Release */ = {
			isa = XCBuildConfiguration;
			buildSettings = {
				ALWAYS_EMBED_SWIFT_STANDARD_LIBRARIES = YES;
				CODE_SIGN_STYLE = Automatic;
				DEVELOPMENT_TEAM = 48F293G8D4;
				INFOPLIST_FILE = MazeUITests/Info.plist;
				LD_RUNPATH_SEARCH_PATHS = (
					"$(inherited)",
					"@executable_path/Frameworks",
					"@loader_path/Frameworks",
				);
				PRODUCT_BUNDLE_IDENTIFIER = app.marui.khaki.MazeUITests;
				PRODUCT_NAME = "$(TARGET_NAME)";
				SWIFT_VERSION = 5.0;
				TARGETED_DEVICE_FAMILY = "1,2";
				TEST_TARGET_NAME = Maze;
			};
			name = Release;
		};
/* End XCBuildConfiguration section */

/* Begin XCConfigurationList section */
		643D76E6264CBEF600044E02 /* Build configuration list for PBXProject "Maze" */ = {
			isa = XCConfigurationList;
			buildConfigurations = (
				643D7713264CBEFE00044E02 /* Debug */,
				643D7714264CBEFE00044E02 /* Release */,
			);
			defaultConfigurationIsVisible = 0;
			defaultConfigurationName = Release;
		};
		643D7715264CBEFE00044E02 /* Build configuration list for PBXNativeTarget "Maze" */ = {
			isa = XCConfigurationList;
			buildConfigurations = (
				643D7716264CBEFE00044E02 /* Debug */,
				643D7717264CBEFE00044E02 /* Release */,
			);
			defaultConfigurationIsVisible = 0;
			defaultConfigurationName = Release;
		};
		643D7718264CBEFE00044E02 /* Build configuration list for PBXNativeTarget "MazeTests" */ = {
			isa = XCConfigurationList;
			buildConfigurations = (
				643D7719264CBEFE00044E02 /* Debug */,
				643D771A264CBEFE00044E02 /* Release */,
			);
			defaultConfigurationIsVisible = 0;
			defaultConfigurationName = Release;
		};
		643D771B264CBEFE00044E02 /* Build configuration list for PBXNativeTarget "MazeUITests" */ = {
			isa = XCConfigurationList;
			buildConfigurations = (
				643D771C264CBEFE00044E02 /* Debug */,
				643D771D264CBEFE00044E02 /* Release */,
			);
			defaultConfigurationIsVisible = 0;
			defaultConfigurationName = Release;
		};
/* End XCConfigurationList section */
	};
	rootObject = 643D76E3264CBEF600044E02 /* Project object */;
}
